
Microsoft Visual Studio Solution File, Format Version 12.00
# Visual Studio Version 16
VisualStudioVersion = 16.0.30204.135
MinimumVisualStudioVersion = 10.0.40219.1
Project("{9A19103F-16F7-4668-BE54-9A1E7A4F7556}") = "UI_MVC.Core", "UI_MVC.Core\UI_MVC.Core.csproj", "{2485BA07-D47C-4C56-8DA9-F65736A05148}"
EndProject
Project("{9A19103F-16F7-4668-BE54-9A1E7A4F7556}") = "DomainLogic", "DomainLogic\DomainLogic.csproj", "{24044A96-BA80-46B2-9AB3-98CFE0B39562}"
EndProject
Project("{9A19103F-16F7-4668-BE54-9A1E7A4F7556}") = "SqlDataAccessLayer", "SqlDataAccessLayer\SqlDataAccessLayer.csproj", "{76BB045A-0533-4B1C-BFC0-A1C6156C622B}"
EndProject
Project("{9A19103F-16F7-4668-BE54-9A1E7A4F7556}") = "UI_Console", "UI_Console\UI_Console.csproj", "{9B85AA29-27A3-47AF-81F1-31F225687AA3}"
EndProject
Project("{FAE04EC0-301F-11D3-BF4B-00C04F79EFBC}") = "CurrencyConverterLibrary", "CurrencyConverterLibrary\CurrencyConverterLibrary.csproj", "{6A65B8BF-3384-44B2-AEEC-708AA785BCDE}"
EndProject
Project("{FAE04EC0-301F-11D3-BF4B-00C04F79EFBC}") = "UpdateCurrency", "UpdateCurrency\UpdateCurrency.csproj", "{1E5D4D06-7354-4E56-85C8-5522378857A4}"
EndProject
Global
	GlobalSection(SolutionConfigurationPlatforms) = preSolution
		Debug|Any CPU = Debug|Any CPU
		Release|Any CPU = Release|Any CPU
	EndGlobalSection
	GlobalSection(ProjectConfigurationPlatforms) = postSolution
		{2485BA07-D47C-4C56-8DA9-F65736A05148}.Debug|Any CPU.ActiveCfg = Debug|Any CPU
		{2485BA07-D47C-4C56-8DA9-F65736A05148}.Debug|Any CPU.Build.0 = Debug|Any CPU
		{2485BA07-D47C-4C56-8DA9-F65736A05148}.Release|Any CPU.ActiveCfg = Release|Any CPU
		{2485BA07-D47C-4C56-8DA9-F65736A05148}.Release|Any CPU.Build.0 = Release|Any CPU
		{24044A96-BA80-46B2-9AB3-98CFE0B39562}.Debug|Any CPU.ActiveCfg = Debug|Any CPU
		{24044A96-BA80-46B2-9AB3-98CFE0B39562}.Debug|Any CPU.Build.0 = Debug|Any CPU
		{24044A96-BA80-46B2-9AB3-98CFE0B39562}.Release|Any CPU.ActiveCfg = Release|Any CPU
		{24044A96-BA80-46B2-9AB3-98CFE0B39562}.Release|Any CPU.Build.0 = Release|Any CPU
		{76BB045A-0533-4B1C-BFC0-A1C6156C622B}.Debug|Any CPU.ActiveCfg = Debug|Any CPU
		{76BB045A-0533-4B1C-BFC0-A1C6156C622B}.Debug|Any CPU.Build.0 = Debug|Any CPU
		{76BB045A-0533-4B1C-BFC0-A1C6156C622B}.Release|Any CPU.ActiveCfg = Release|Any CPU
		{76BB045A-0533-4B1C-BFC0-A1C6156C622B}.Release|Any CPU.Build.0 = Release|Any CPU
		{9B85AA29-27A3-47AF-81F1-31F225687AA3}.Debug|Any CPU.ActiveCfg = Debug|Any CPU
		{9B85AA29-27A3-47AF-81F1-31F225687AA3}.Debug|Any CPU.Build.0 = Debug|Any CPU
		{9B85AA29-27A3-47AF-81F1-31F225687AA3}.Release|Any CPU.ActiveCfg = Release|Any CPU
		{9B85AA29-27A3-47AF-81F1-31F225687AA3}.Release|Any CPU.Build.0 = Release|Any CPU
		{6A65B8BF-3384-44B2-AEEC-708AA785BCDE}.Debug|Any CPU.ActiveCfg = Debug|Any CPU
		{6A65B8BF-3384-44B2-AEEC-708AA785BCDE}.Debug|Any CPU.Build.0 = Debug|Any CPU
		{6A65B8BF-3384-44B2-AEEC-708AA785BCDE}.Release|Any CPU.ActiveCfg = Release|Any CPU
		{6A65B8BF-3384-44B2-AEEC-708AA785BCDE}.Release|Any CPU.Build.0 = Release|Any CPU
		{1E5D4D06-7354-4E56-85C8-5522378857A4}.Debug|Any CPU.ActiveCfg = Debug|Any CPU
		{1E5D4D06-7354-4E56-85C8-5522378857A4}.Debug|Any CPU.Build.0 = Debug|Any CPU
		{1E5D4D06-7354-4E56-85C8-5522378857A4}.Release|Any CPU.ActiveCfg = Release|Any CPU
		{1E5D4D06-7354-4E56-85C8-5522378857A4}.Release|Any CPU.Build.0 = Release|Any CPU
	EndGlobalSection
	GlobalSection(SolutionProperties) = preSolution
		HideSolutionNode = FALSE
	EndGlobalSection
	GlobalSection(ExtensibilityGlobals) = postSolution
		SolutionGuid = {428096D6-0CAA-422A-9A41-640864E0A5EF}
	EndGlobalSection
EndGlobal
